
Microsoft Visual Studio Solution File, Format Version 12.00
# Visual Studio 2012
Project("{FAE04EC0-301F-11D3-BF4B-00C04F79EFBC}") = "AppCalculadora", "AppCalculadora\AppCalculadora.csproj", "{FBFD36B9-0961-4342-A618-9EBABBA0610B}"
EndProject
Global
	GlobalSection(SolutionConfigurationPlatforms) = preSolution
		Debug|Any CPU = Debug|Any CPU
		Release|Any CPU = Release|Any CPU
	EndGlobalSection
	GlobalSection(ProjectConfigurationPlatforms) = postSolution
		{FBFD36B9-0961-4342-A618-9EBABBA0610B}.Debug|Any CPU.ActiveCfg = Debug|Any CPU
		{FBFD36B9-0961-4342-A618-9EBABBA0610B}.Debug|Any CPU.Build.0 = Debug|Any CPU
		{FBFD36B9-0961-4342-A618-9EBABBA0610B}.Release|Any CPU.ActiveCfg = Release|Any CPU
		{FBFD36B9-0961-4342-A618-9EBABBA0610B}.Release|Any CPU.Build.0 = Release|Any CPU
	EndGlobalSection
	GlobalSection(SolutionProperties) = preSolution
		HideSolutionNode = FALSE
	EndGlobalSection
EndGlobal
